
Microsoft Visual Studio Solution File, Format Version 12.00
# Visual Studio Version 17
VisualStudioVersion = 17.10.35013.160
MinimumVisualStudioVersion = 10.0.40219.1
Project("{9A19103F-16F7-4668-BE54-9A1E7A4F7556}") = "PokemonFramework", "PokemonFramework.csproj", "{DCE9F40D-8EA3-4A16-858B-CE4E8DC78076}"
EndProject
Global
	GlobalSection(SolutionConfigurationPlatforms) = preSolution
		Debug|Any CPU = Debug|Any CPU
		Release|Any CPU = Release|Any CPU
	EndGlobalSection
	GlobalSection(ProjectConfigurationPlatforms) = postSolution
		{DCE9F40D-8EA3-4A16-858B-CE4E8DC78076}.Debug|Any CPU.ActiveCfg = Debug|Any CPU
		{DCE9F40D-8EA3-4A16-858B-CE4E8DC78076}.Debug|Any CPU.Build.0 = Debug|Any CPU
		{DCE9F40D-8EA3-4A16-858B-CE4E8DC78076}.Release|Any CPU.ActiveCfg = Release|Any CPU
		{DCE9F40D-8EA3-4A16-858B-CE4E8DC78076}.Release|Any CPU.Build.0 = Release|Any CPU
	EndGlobalSection
	GlobalSection(SolutionProperties) = preSolution
		HideSolutionNode = FALSE
	EndGlobalSection
	GlobalSection(ExtensibilityGlobals) = postSolution
		SolutionGuid = {7DC11840-982A-4763-9841-891D126657A0}
	EndGlobalSection
EndGlobal
